
Microsoft Visual Studio Solution File, Format Version 12.00
# Visual Studio Version 17
VisualStudioVersion = 17.7.34202.233
MinimumVisualStudioVersion = 10.0.40219.1
Project("{FAE04EC0-301F-11D3-BF4B-00C04F79EFBC}") = "ShopMate", "ShopMate\ShopMate.csproj", "{FCE4674C-0A3C-409F-92B6-738217A0D615}"
EndProject
Global
	GlobalSection(SolutionConfigurationPlatforms) = preSolution
		Debug|Any CPU = Debug|Any CPU
		Release|Any CPU = Release|Any CPU
	EndGlobalSection
	GlobalSection(ProjectConfigurationPlatforms) = postSolution
		{FCE4674C-0A3C-409F-92B6-738217A0D615}.Debug|Any CPU.ActiveCfg = Debug|Any CPU
		{FCE4674C-0A3C-409F-92B6-738217A0D615}.Debug|Any CPU.Build.0 = Debug|Any CPU
		{FCE4674C-0A3C-409F-92B6-738217A0D615}.Release|Any CPU.ActiveCfg = Release|Any CPU
		{FCE4674C-0A3C-409F-92B6-738217A0D615}.Release|Any CPU.Build.0 = Release|Any CPU
	EndGlobalSection
	GlobalSection(SolutionProperties) = preSolution
		HideSolutionNode = FALSE
	EndGlobalSection
	GlobalSection(ExtensibilityGlobals) = postSolution
		SolutionGuid = {E5080FE3-03EF-4FF2-9BE9-675EF9D8AFE3}
	EndGlobalSection
EndGlobal
